
Microsoft Visual Studio Solution File, Format Version 12.00
# Visual Studio Version 17
VisualStudioVersion = 17.14.36212.18 d17.14
MinimumVisualStudioVersion = 10.0.40219.1
Project("{FAE04EC0-301F-11D3-BF4B-00C04F79EFBC}") = "integer-8", "integer-8.csproj", "{E63E0157-F73A-4104-9D23-0D1A21FC0AC3}"
EndProject
Global
	GlobalSection(SolutionConfigurationPlatforms) = preSolution
		Debug|Any CPU = Debug|Any CPU
		Release|Any CPU = Release|Any CPU
	EndGlobalSection
	GlobalSection(ProjectConfigurationPlatforms) = postSolution
		{E63E0157-F73A-4104-9D23-0D1A21FC0AC3}.Debug|Any CPU.ActiveCfg = Debug|Any CPU
		{E63E0157-F73A-4104-9D23-0D1A21FC0AC3}.Debug|Any CPU.Build.0 = Debug|Any CPU
		{E63E0157-F73A-4104-9D23-0D1A21FC0AC3}.Release|Any CPU.ActiveCfg = Release|Any CPU
		{E63E0157-F73A-4104-9D23-0D1A21FC0AC3}.Release|Any CPU.Build.0 = Release|Any CPU
	EndGlobalSection
	GlobalSection(SolutionProperties) = preSolution
		HideSolutionNode = FALSE
	EndGlobalSection
	GlobalSection(ExtensibilityGlobals) = postSolution
		SolutionGuid = {03522FC4-4BD3-49A4-930A-C7434778A334}
	EndGlobalSection
EndGlobal
