
Microsoft Visual Studio Solution File, Format Version 12.00
# Visual Studio Version 17
VisualStudioVersion = 17.14.36212.18 d17.14
MinimumVisualStudioVersion = 10.0.40219.1
Project("{FAE04EC0-301F-11D3-BF4B-00C04F79EFBC}") = "integer-25", "integer-25\integer-25.csproj", "{537E29E7-8BAE-45BF-BE26-AB2295B04513}"
EndProject
Global
	GlobalSection(SolutionConfigurationPlatforms) = preSolution
		Debug|Any CPU = Debug|Any CPU
		Release|Any CPU = Release|Any CPU
	EndGlobalSection
	GlobalSection(ProjectConfigurationPlatforms) = postSolution
		{537E29E7-8BAE-45BF-BE26-AB2295B04513}.Debug|Any CPU.ActiveCfg = Debug|Any CPU
		{537E29E7-8BAE-45BF-BE26-AB2295B04513}.Debug|Any CPU.Build.0 = Debug|Any CPU
		{537E29E7-8BAE-45BF-BE26-AB2295B04513}.Release|Any CPU.ActiveCfg = Release|Any CPU
		{537E29E7-8BAE-45BF-BE26-AB2295B04513}.Release|Any CPU.Build.0 = Release|Any CPU
	EndGlobalSection
	GlobalSection(SolutionProperties) = preSolution
		HideSolutionNode = FALSE
	EndGlobalSection
	GlobalSection(ExtensibilityGlobals) = postSolution
		SolutionGuid = {16F4C286-C9C3-479C-8B0B-325EC900307F}
	EndGlobalSection
EndGlobal
