
Microsoft Visual Studio Solution File, Format Version 12.00
# Visual Studio Version 17
VisualStudioVersion = 17.14.36212.18 d17.14
MinimumVisualStudioVersion = 10.0.40219.1
Project("{FAE04EC0-301F-11D3-BF4B-00C04F79EFBC}") = "while-15", "while-15.csproj", "{FEC393A8-0590-45C5-BD23-DB6358E06C4F}"
EndProject
Global
	GlobalSection(SolutionConfigurationPlatforms) = preSolution
		Debug|Any CPU = Debug|Any CPU
		Release|Any CPU = Release|Any CPU
	EndGlobalSection
	GlobalSection(ProjectConfigurationPlatforms) = postSolution
		{FEC393A8-0590-45C5-BD23-DB6358E06C4F}.Debug|Any CPU.ActiveCfg = Debug|Any CPU
		{FEC393A8-0590-45C5-BD23-DB6358E06C4F}.Debug|Any CPU.Build.0 = Debug|Any CPU
		{FEC393A8-0590-45C5-BD23-DB6358E06C4F}.Release|Any CPU.ActiveCfg = Release|Any CPU
		{FEC393A8-0590-45C5-BD23-DB6358E06C4F}.Release|Any CPU.Build.0 = Release|Any CPU
	EndGlobalSection
	GlobalSection(SolutionProperties) = preSolution
		HideSolutionNode = FALSE
	EndGlobalSection
	GlobalSection(ExtensibilityGlobals) = postSolution
		SolutionGuid = {A6016B9C-0A13-4563-AA6F-359743245394}
	EndGlobalSection
EndGlobal
