
Microsoft Visual Studio Solution File, Format Version 12.00
# Visual Studio Version 17
VisualStudioVersion = 17.14.36212.18 d17.14
MinimumVisualStudioVersion = 10.0.40219.1
Project("{FAE04EC0-301F-11D3-BF4B-00C04F79EFBC}") = "integer-13", "integer-13\integer-13.csproj", "{BD7453B7-21F9-4F7B-9F5A-29CDF5C04E38}"
EndProject
Global
	GlobalSection(SolutionConfigurationPlatforms) = preSolution
		Debug|Any CPU = Debug|Any CPU
		Release|Any CPU = Release|Any CPU
	EndGlobalSection
	GlobalSection(ProjectConfigurationPlatforms) = postSolution
		{BD7453B7-21F9-4F7B-9F5A-29CDF5C04E38}.Debug|Any CPU.ActiveCfg = Debug|Any CPU
		{BD7453B7-21F9-4F7B-9F5A-29CDF5C04E38}.Debug|Any CPU.Build.0 = Debug|Any CPU
		{BD7453B7-21F9-4F7B-9F5A-29CDF5C04E38}.Release|Any CPU.ActiveCfg = Release|Any CPU
		{BD7453B7-21F9-4F7B-9F5A-29CDF5C04E38}.Release|Any CPU.Build.0 = Release|Any CPU
	EndGlobalSection
	GlobalSection(SolutionProperties) = preSolution
		HideSolutionNode = FALSE
	EndGlobalSection
	GlobalSection(ExtensibilityGlobals) = postSolution
		SolutionGuid = {22674DD7-44FC-4F94-A41A-8C0D689BA313}
	EndGlobalSection
EndGlobal
