
Microsoft Visual Studio Solution File, Format Version 12.00
# Visual Studio Version 17
VisualStudioVersion = 17.14.36212.18 d17.14
MinimumVisualStudioVersion = 10.0.40219.1
Project("{FAE04EC0-301F-11D3-BF4B-00C04F79EFBC}") = "boolean-5", "boolean-5.csproj", "{042288B1-1844-4C21-8088-D8A5C42B6DBD}"
EndProject
Global
	GlobalSection(SolutionConfigurationPlatforms) = preSolution
		Debug|Any CPU = Debug|Any CPU
		Release|Any CPU = Release|Any CPU
	EndGlobalSection
	GlobalSection(ProjectConfigurationPlatforms) = postSolution
		{042288B1-1844-4C21-8088-D8A5C42B6DBD}.Debug|Any CPU.ActiveCfg = Debug|Any CPU
		{042288B1-1844-4C21-8088-D8A5C42B6DBD}.Debug|Any CPU.Build.0 = Debug|Any CPU
		{042288B1-1844-4C21-8088-D8A5C42B6DBD}.Release|Any CPU.ActiveCfg = Release|Any CPU
		{042288B1-1844-4C21-8088-D8A5C42B6DBD}.Release|Any CPU.Build.0 = Release|Any CPU
	EndGlobalSection
	GlobalSection(SolutionProperties) = preSolution
		HideSolutionNode = FALSE
	EndGlobalSection
	GlobalSection(ExtensibilityGlobals) = postSolution
		SolutionGuid = {C5C9912F-0C26-435E-B1C7-B9114CC589FD}
	EndGlobalSection
EndGlobal
