
Microsoft Visual Studio Solution File, Format Version 12.00
# Visual Studio Version 17
VisualStudioVersion = 17.14.36212.18 d17.14
MinimumVisualStudioVersion = 10.0.40219.1
Project("{FAE04EC0-301F-11D3-BF4B-00C04F79EFBC}") = "for-37", "for-37.csproj", "{028EA42B-C2B1-490D-ADEB-AF0532E5D79F}"
EndProject
Global
	GlobalSection(SolutionConfigurationPlatforms) = preSolution
		Debug|Any CPU = Debug|Any CPU
		Release|Any CPU = Release|Any CPU
	EndGlobalSection
	GlobalSection(ProjectConfigurationPlatforms) = postSolution
		{028EA42B-C2B1-490D-ADEB-AF0532E5D79F}.Debug|Any CPU.ActiveCfg = Debug|Any CPU
		{028EA42B-C2B1-490D-ADEB-AF0532E5D79F}.Debug|Any CPU.Build.0 = Debug|Any CPU
		{028EA42B-C2B1-490D-ADEB-AF0532E5D79F}.Release|Any CPU.ActiveCfg = Release|Any CPU
		{028EA42B-C2B1-490D-ADEB-AF0532E5D79F}.Release|Any CPU.Build.0 = Release|Any CPU
	EndGlobalSection
	GlobalSection(SolutionProperties) = preSolution
		HideSolutionNode = FALSE
	EndGlobalSection
	GlobalSection(ExtensibilityGlobals) = postSolution
		SolutionGuid = {86C3E5B1-0F7D-4456-961A-A28D218C1137}
	EndGlobalSection
EndGlobal
