
Microsoft Visual Studio Solution File, Format Version 12.00
# Visual Studio Version 17
VisualStudioVersion = 17.14.36212.18 d17.14
MinimumVisualStudioVersion = 10.0.40219.1
Project("{FAE04EC0-301F-11D3-BF4B-00C04F79EFBC}") = "boolean-9", "boolean-9.csproj", "{2A050B6F-6F18-4181-B9DB-74DCCBA3F93D}"
EndProject
Global
	GlobalSection(SolutionConfigurationPlatforms) = preSolution
		Debug|Any CPU = Debug|Any CPU
		Release|Any CPU = Release|Any CPU
	EndGlobalSection
	GlobalSection(ProjectConfigurationPlatforms) = postSolution
		{2A050B6F-6F18-4181-B9DB-74DCCBA3F93D}.Debug|Any CPU.ActiveCfg = Debug|Any CPU
		{2A050B6F-6F18-4181-B9DB-74DCCBA3F93D}.Debug|Any CPU.Build.0 = Debug|Any CPU
		{2A050B6F-6F18-4181-B9DB-74DCCBA3F93D}.Release|Any CPU.ActiveCfg = Release|Any CPU
		{2A050B6F-6F18-4181-B9DB-74DCCBA3F93D}.Release|Any CPU.Build.0 = Release|Any CPU
	EndGlobalSection
	GlobalSection(SolutionProperties) = preSolution
		HideSolutionNode = FALSE
	EndGlobalSection
	GlobalSection(ExtensibilityGlobals) = postSolution
		SolutionGuid = {AAFA5CF4-6337-4344-9246-CC050EBACD6D}
	EndGlobalSection
EndGlobal
