
Microsoft Visual Studio Solution File, Format Version 12.00
# Visual Studio Version 17
VisualStudioVersion = 17.14.36212.18 d17.14
MinimumVisualStudioVersion = 10.0.40219.1
Project("{FAE04EC0-301F-11D3-BF4B-00C04F79EFBC}") = "integer-14", "integer-14\integer-14.csproj", "{291E3AC4-528D-4EFE-8A75-6ADA228CFB11}"
EndProject
Global
	GlobalSection(SolutionConfigurationPlatforms) = preSolution
		Debug|Any CPU = Debug|Any CPU
		Release|Any CPU = Release|Any CPU
	EndGlobalSection
	GlobalSection(ProjectConfigurationPlatforms) = postSolution
		{291E3AC4-528D-4EFE-8A75-6ADA228CFB11}.Debug|Any CPU.ActiveCfg = Debug|Any CPU
		{291E3AC4-528D-4EFE-8A75-6ADA228CFB11}.Debug|Any CPU.Build.0 = Debug|Any CPU
		{291E3AC4-528D-4EFE-8A75-6ADA228CFB11}.Release|Any CPU.ActiveCfg = Release|Any CPU
		{291E3AC4-528D-4EFE-8A75-6ADA228CFB11}.Release|Any CPU.Build.0 = Release|Any CPU
	EndGlobalSection
	GlobalSection(SolutionProperties) = preSolution
		HideSolutionNode = FALSE
	EndGlobalSection
	GlobalSection(ExtensibilityGlobals) = postSolution
		SolutionGuid = {A02BBA7F-4C40-48EC-B050-9242AC6705E5}
	EndGlobalSection
EndGlobal
