
Microsoft Visual Studio Solution File, Format Version 12.00
# Visual Studio Version 17
VisualStudioVersion = 17.14.36212.18 d17.14
MinimumVisualStudioVersion = 10.0.40219.1
Project("{FAE04EC0-301F-11D3-BF4B-00C04F79EFBC}") = "begin-18", "begin-18\begin-18.csproj", "{E46CECF3-C5BC-4169-86BD-D0FAD5FBBC09}"
EndProject
Global
	GlobalSection(SolutionConfigurationPlatforms) = preSolution
		Debug|Any CPU = Debug|Any CPU
		Release|Any CPU = Release|Any CPU
	EndGlobalSection
	GlobalSection(ProjectConfigurationPlatforms) = postSolution
		{E46CECF3-C5BC-4169-86BD-D0FAD5FBBC09}.Debug|Any CPU.ActiveCfg = Debug|Any CPU
		{E46CECF3-C5BC-4169-86BD-D0FAD5FBBC09}.Debug|Any CPU.Build.0 = Debug|Any CPU
		{E46CECF3-C5BC-4169-86BD-D0FAD5FBBC09}.Release|Any CPU.ActiveCfg = Release|Any CPU
		{E46CECF3-C5BC-4169-86BD-D0FAD5FBBC09}.Release|Any CPU.Build.0 = Release|Any CPU
	EndGlobalSection
	GlobalSection(SolutionProperties) = preSolution
		HideSolutionNode = FALSE
	EndGlobalSection
	GlobalSection(ExtensibilityGlobals) = postSolution
		SolutionGuid = {0B47C985-67B5-4F5A-AA86-B5DA747327B8}
	EndGlobalSection
EndGlobal
