
Microsoft Visual Studio Solution File, Format Version 12.00
# Visual Studio Version 17
VisualStudioVersion = 17.14.36212.18 d17.14
MinimumVisualStudioVersion = 10.0.40219.1
Project("{FAE04EC0-301F-11D3-BF4B-00C04F79EFBC}") = "integer-23", "integer-23\integer-23.csproj", "{F40097F0-C667-4A6A-B407-0C8016569523}"
EndProject
Global
	GlobalSection(SolutionConfigurationPlatforms) = preSolution
		Debug|Any CPU = Debug|Any CPU
		Release|Any CPU = Release|Any CPU
	EndGlobalSection
	GlobalSection(ProjectConfigurationPlatforms) = postSolution
		{F40097F0-C667-4A6A-B407-0C8016569523}.Debug|Any CPU.ActiveCfg = Debug|Any CPU
		{F40097F0-C667-4A6A-B407-0C8016569523}.Debug|Any CPU.Build.0 = Debug|Any CPU
		{F40097F0-C667-4A6A-B407-0C8016569523}.Release|Any CPU.ActiveCfg = Release|Any CPU
		{F40097F0-C667-4A6A-B407-0C8016569523}.Release|Any CPU.Build.0 = Release|Any CPU
	EndGlobalSection
	GlobalSection(SolutionProperties) = preSolution
		HideSolutionNode = FALSE
	EndGlobalSection
	GlobalSection(ExtensibilityGlobals) = postSolution
		SolutionGuid = {FA90D5F7-3368-4D63-B287-C2C981BC5833}
	EndGlobalSection
EndGlobal
