
Microsoft Visual Studio Solution File, Format Version 12.00
# Visual Studio Version 17
VisualStudioVersion = 17.14.36212.18 d17.14
MinimumVisualStudioVersion = 10.0.40219.1
Project("{FAE04EC0-301F-11D3-BF4B-00C04F79EFBC}") = "boolean-6", "boolean-6.csproj", "{413921DD-0545-401B-9C10-0FA49B7CBB27}"
EndProject
Global
	GlobalSection(SolutionConfigurationPlatforms) = preSolution
		Debug|Any CPU = Debug|Any CPU
		Release|Any CPU = Release|Any CPU
	EndGlobalSection
	GlobalSection(ProjectConfigurationPlatforms) = postSolution
		{413921DD-0545-401B-9C10-0FA49B7CBB27}.Debug|Any CPU.ActiveCfg = Debug|Any CPU
		{413921DD-0545-401B-9C10-0FA49B7CBB27}.Debug|Any CPU.Build.0 = Debug|Any CPU
		{413921DD-0545-401B-9C10-0FA49B7CBB27}.Release|Any CPU.ActiveCfg = Release|Any CPU
		{413921DD-0545-401B-9C10-0FA49B7CBB27}.Release|Any CPU.Build.0 = Release|Any CPU
	EndGlobalSection
	GlobalSection(SolutionProperties) = preSolution
		HideSolutionNode = FALSE
	EndGlobalSection
	GlobalSection(ExtensibilityGlobals) = postSolution
		SolutionGuid = {BBD28F46-E34D-4F65-93F1-B751FE6AA18C}
	EndGlobalSection
EndGlobal
