
Microsoft Visual Studio Solution File, Format Version 12.00
# Visual Studio Version 17
VisualStudioVersion = 17.14.36212.18 d17.14
MinimumVisualStudioVersion = 10.0.40219.1
Project("{FAE04EC0-301F-11D3-BF4B-00C04F79EFBC}") = "integer-6", "integer-6.csproj", "{C7A4A33C-4839-4851-94A8-1C75143C5F70}"
EndProject
Global
	GlobalSection(SolutionConfigurationPlatforms) = preSolution
		Debug|Any CPU = Debug|Any CPU
		Release|Any CPU = Release|Any CPU
	EndGlobalSection
	GlobalSection(ProjectConfigurationPlatforms) = postSolution
		{C7A4A33C-4839-4851-94A8-1C75143C5F70}.Debug|Any CPU.ActiveCfg = Debug|Any CPU
		{C7A4A33C-4839-4851-94A8-1C75143C5F70}.Debug|Any CPU.Build.0 = Debug|Any CPU
		{C7A4A33C-4839-4851-94A8-1C75143C5F70}.Release|Any CPU.ActiveCfg = Release|Any CPU
		{C7A4A33C-4839-4851-94A8-1C75143C5F70}.Release|Any CPU.Build.0 = Release|Any CPU
	EndGlobalSection
	GlobalSection(SolutionProperties) = preSolution
		HideSolutionNode = FALSE
	EndGlobalSection
	GlobalSection(ExtensibilityGlobals) = postSolution
		SolutionGuid = {BCFE43DD-00BE-4EAB-8921-9AEA67E5B767}
	EndGlobalSection
EndGlobal
