
Microsoft Visual Studio Solution File, Format Version 12.00
# Visual Studio Version 17
VisualStudioVersion = 17.14.36212.18 d17.14
MinimumVisualStudioVersion = 10.0.40219.1
Project("{FAE04EC0-301F-11D3-BF4B-00C04F79EFBC}") = "boolean-29", "boolean-29.csproj", "{28806D77-F196-4ABF-91BA-446210ED439B}"
EndProject
Global
	GlobalSection(SolutionConfigurationPlatforms) = preSolution
		Debug|Any CPU = Debug|Any CPU
		Release|Any CPU = Release|Any CPU
	EndGlobalSection
	GlobalSection(ProjectConfigurationPlatforms) = postSolution
		{28806D77-F196-4ABF-91BA-446210ED439B}.Debug|Any CPU.ActiveCfg = Debug|Any CPU
		{28806D77-F196-4ABF-91BA-446210ED439B}.Debug|Any CPU.Build.0 = Debug|Any CPU
		{28806D77-F196-4ABF-91BA-446210ED439B}.Release|Any CPU.ActiveCfg = Release|Any CPU
		{28806D77-F196-4ABF-91BA-446210ED439B}.Release|Any CPU.Build.0 = Release|Any CPU
	EndGlobalSection
	GlobalSection(SolutionProperties) = preSolution
		HideSolutionNode = FALSE
	EndGlobalSection
	GlobalSection(ExtensibilityGlobals) = postSolution
		SolutionGuid = {3A07DFA0-CABA-4C5D-A26D-B6E2627491BA}
	EndGlobalSection
EndGlobal
