
Microsoft Visual Studio Solution File, Format Version 12.00
# Visual Studio Version 17
VisualStudioVersion = 17.14.36212.18 d17.14
MinimumVisualStudioVersion = 10.0.40219.1
Project("{FAE04EC0-301F-11D3-BF4B-00C04F79EFBC}") = "while-7", "while-7.csproj", "{3B62CB1E-699B-4734-892F-DC32ED7E811A}"
EndProject
Global
	GlobalSection(SolutionConfigurationPlatforms) = preSolution
		Debug|Any CPU = Debug|Any CPU
		Release|Any CPU = Release|Any CPU
	EndGlobalSection
	GlobalSection(ProjectConfigurationPlatforms) = postSolution
		{3B62CB1E-699B-4734-892F-DC32ED7E811A}.Debug|Any CPU.ActiveCfg = Debug|Any CPU
		{3B62CB1E-699B-4734-892F-DC32ED7E811A}.Debug|Any CPU.Build.0 = Debug|Any CPU
		{3B62CB1E-699B-4734-892F-DC32ED7E811A}.Release|Any CPU.ActiveCfg = Release|Any CPU
		{3B62CB1E-699B-4734-892F-DC32ED7E811A}.Release|Any CPU.Build.0 = Release|Any CPU
	EndGlobalSection
	GlobalSection(SolutionProperties) = preSolution
		HideSolutionNode = FALSE
	EndGlobalSection
	GlobalSection(ExtensibilityGlobals) = postSolution
		SolutionGuid = {54FA738C-5085-4A87-8803-5ED1D583AB2D}
	EndGlobalSection
EndGlobal
