
Microsoft Visual Studio Solution File, Format Version 12.00
# Visual Studio Version 17
VisualStudioVersion = 17.14.36212.18 d17.14
MinimumVisualStudioVersion = 10.0.40219.1
Project("{FAE04EC0-301F-11D3-BF4B-00C04F79EFBC}") = "begin-10", "begin-10\begin-10.csproj", "{518B4138-15FF-4ED3-89C4-9810CDBF8636}"
EndProject
Global
	GlobalSection(SolutionConfigurationPlatforms) = preSolution
		Debug|Any CPU = Debug|Any CPU
		Release|Any CPU = Release|Any CPU
	EndGlobalSection
	GlobalSection(ProjectConfigurationPlatforms) = postSolution
		{518B4138-15FF-4ED3-89C4-9810CDBF8636}.Debug|Any CPU.ActiveCfg = Debug|Any CPU
		{518B4138-15FF-4ED3-89C4-9810CDBF8636}.Debug|Any CPU.Build.0 = Debug|Any CPU
		{518B4138-15FF-4ED3-89C4-9810CDBF8636}.Release|Any CPU.ActiveCfg = Release|Any CPU
		{518B4138-15FF-4ED3-89C4-9810CDBF8636}.Release|Any CPU.Build.0 = Release|Any CPU
	EndGlobalSection
	GlobalSection(SolutionProperties) = preSolution
		HideSolutionNode = FALSE
	EndGlobalSection
	GlobalSection(ExtensibilityGlobals) = postSolution
		SolutionGuid = {A339C746-819F-4DFB-9A4E-0D9EEC55A8C0}
	EndGlobalSection
EndGlobal
