
Microsoft Visual Studio Solution File, Format Version 12.00
# Visual Studio Version 17
VisualStudioVersion = 17.14.36212.18 d17.14
MinimumVisualStudioVersion = 10.0.40219.1
Project("{FAE04EC0-301F-11D3-BF4B-00C04F79EFBC}") = "boolean-17", "boolean-17.csproj", "{06CFCADD-C5F0-4CFD-A9A2-BE82FAEB0B75}"
EndProject
Global
	GlobalSection(SolutionConfigurationPlatforms) = preSolution
		Debug|Any CPU = Debug|Any CPU
		Release|Any CPU = Release|Any CPU
	EndGlobalSection
	GlobalSection(ProjectConfigurationPlatforms) = postSolution
		{06CFCADD-C5F0-4CFD-A9A2-BE82FAEB0B75}.Debug|Any CPU.ActiveCfg = Debug|Any CPU
		{06CFCADD-C5F0-4CFD-A9A2-BE82FAEB0B75}.Debug|Any CPU.Build.0 = Debug|Any CPU
		{06CFCADD-C5F0-4CFD-A9A2-BE82FAEB0B75}.Release|Any CPU.ActiveCfg = Release|Any CPU
		{06CFCADD-C5F0-4CFD-A9A2-BE82FAEB0B75}.Release|Any CPU.Build.0 = Release|Any CPU
	EndGlobalSection
	GlobalSection(SolutionProperties) = preSolution
		HideSolutionNode = FALSE
	EndGlobalSection
	GlobalSection(ExtensibilityGlobals) = postSolution
		SolutionGuid = {887862E4-C91C-4474-8192-95B6147B7AE9}
	EndGlobalSection
EndGlobal
