
Microsoft Visual Studio Solution File, Format Version 12.00
# Visual Studio Version 17
VisualStudioVersion = 17.14.36212.18 d17.14
MinimumVisualStudioVersion = 10.0.40219.1
Project("{FAE04EC0-301F-11D3-BF4B-00C04F79EFBC}") = "begin-11", "begin-11\begin-11.csproj", "{4142AF67-A009-4E92-87BA-5C2D5A55C29B}"
EndProject
Global
	GlobalSection(SolutionConfigurationPlatforms) = preSolution
		Debug|Any CPU = Debug|Any CPU
		Release|Any CPU = Release|Any CPU
	EndGlobalSection
	GlobalSection(ProjectConfigurationPlatforms) = postSolution
		{4142AF67-A009-4E92-87BA-5C2D5A55C29B}.Debug|Any CPU.ActiveCfg = Debug|Any CPU
		{4142AF67-A009-4E92-87BA-5C2D5A55C29B}.Debug|Any CPU.Build.0 = Debug|Any CPU
		{4142AF67-A009-4E92-87BA-5C2D5A55C29B}.Release|Any CPU.ActiveCfg = Release|Any CPU
		{4142AF67-A009-4E92-87BA-5C2D5A55C29B}.Release|Any CPU.Build.0 = Release|Any CPU
	EndGlobalSection
	GlobalSection(SolutionProperties) = preSolution
		HideSolutionNode = FALSE
	EndGlobalSection
	GlobalSection(ExtensibilityGlobals) = postSolution
		SolutionGuid = {3CA83505-ACC9-4314-A06B-37AB0A878548}
	EndGlobalSection
EndGlobal
