
Microsoft Visual Studio Solution File, Format Version 12.00
# Visual Studio Version 17
VisualStudioVersion = 17.14.36212.18 d17.14
MinimumVisualStudioVersion = 10.0.40219.1
Project("{FAE04EC0-301F-11D3-BF4B-00C04F79EFBC}") = "for-26", "for-26.csproj", "{4D3F205F-3B0C-4DE4-8FC1-11FB4AD8C3CB}"
EndProject
Global
	GlobalSection(SolutionConfigurationPlatforms) = preSolution
		Debug|Any CPU = Debug|Any CPU
		Release|Any CPU = Release|Any CPU
	EndGlobalSection
	GlobalSection(ProjectConfigurationPlatforms) = postSolution
		{4D3F205F-3B0C-4DE4-8FC1-11FB4AD8C3CB}.Debug|Any CPU.ActiveCfg = Debug|Any CPU
		{4D3F205F-3B0C-4DE4-8FC1-11FB4AD8C3CB}.Debug|Any CPU.Build.0 = Debug|Any CPU
		{4D3F205F-3B0C-4DE4-8FC1-11FB4AD8C3CB}.Release|Any CPU.ActiveCfg = Release|Any CPU
		{4D3F205F-3B0C-4DE4-8FC1-11FB4AD8C3CB}.Release|Any CPU.Build.0 = Release|Any CPU
	EndGlobalSection
	GlobalSection(SolutionProperties) = preSolution
		HideSolutionNode = FALSE
	EndGlobalSection
	GlobalSection(ExtensibilityGlobals) = postSolution
		SolutionGuid = {B4F3BC63-7A5A-439C-8E9D-F724A7C40F9A}
	EndGlobalSection
EndGlobal
