
Microsoft Visual Studio Solution File, Format Version 12.00
# Visual Studio Version 17
VisualStudioVersion = 17.14.36212.18 d17.14
MinimumVisualStudioVersion = 10.0.40219.1
Project("{FAE04EC0-301F-11D3-BF4B-00C04F79EFBC}") = "if-12", "if-12.csproj", "{94341E6A-8586-4863-AEF6-5E963C7D1BDD}"
EndProject
Global
	GlobalSection(SolutionConfigurationPlatforms) = preSolution
		Debug|Any CPU = Debug|Any CPU
		Release|Any CPU = Release|Any CPU
	EndGlobalSection
	GlobalSection(ProjectConfigurationPlatforms) = postSolution
		{94341E6A-8586-4863-AEF6-5E963C7D1BDD}.Debug|Any CPU.ActiveCfg = Debug|Any CPU
		{94341E6A-8586-4863-AEF6-5E963C7D1BDD}.Debug|Any CPU.Build.0 = Debug|Any CPU
		{94341E6A-8586-4863-AEF6-5E963C7D1BDD}.Release|Any CPU.ActiveCfg = Release|Any CPU
		{94341E6A-8586-4863-AEF6-5E963C7D1BDD}.Release|Any CPU.Build.0 = Release|Any CPU
	EndGlobalSection
	GlobalSection(SolutionProperties) = preSolution
		HideSolutionNode = FALSE
	EndGlobalSection
	GlobalSection(ExtensibilityGlobals) = postSolution
		SolutionGuid = {8A60E0CC-4901-4246-9511-2F1272E2F84A}
	EndGlobalSection
EndGlobal
