
Microsoft Visual Studio Solution File, Format Version 12.00
# Visual Studio Version 17
VisualStudioVersion = 17.14.36212.18 d17.14
MinimumVisualStudioVersion = 10.0.40219.1
Project("{FAE04EC0-301F-11D3-BF4B-00C04F79EFBC}") = "for-12", "for-12.csproj", "{EA1C032A-B370-4281-B967-714A8FDD19B1}"
EndProject
Global
	GlobalSection(SolutionConfigurationPlatforms) = preSolution
		Debug|Any CPU = Debug|Any CPU
		Release|Any CPU = Release|Any CPU
	EndGlobalSection
	GlobalSection(ProjectConfigurationPlatforms) = postSolution
		{EA1C032A-B370-4281-B967-714A8FDD19B1}.Debug|Any CPU.ActiveCfg = Debug|Any CPU
		{EA1C032A-B370-4281-B967-714A8FDD19B1}.Debug|Any CPU.Build.0 = Debug|Any CPU
		{EA1C032A-B370-4281-B967-714A8FDD19B1}.Release|Any CPU.ActiveCfg = Release|Any CPU
		{EA1C032A-B370-4281-B967-714A8FDD19B1}.Release|Any CPU.Build.0 = Release|Any CPU
	EndGlobalSection
	GlobalSection(SolutionProperties) = preSolution
		HideSolutionNode = FALSE
	EndGlobalSection
	GlobalSection(ExtensibilityGlobals) = postSolution
		SolutionGuid = {28F25236-6F92-42D9-92F1-D1F3F55F6E71}
	EndGlobalSection
EndGlobal
