
Microsoft Visual Studio Solution File, Format Version 12.00
# Visual Studio Version 17
VisualStudioVersion = 17.14.36212.18 d17.14
MinimumVisualStudioVersion = 10.0.40219.1
Project("{FAE04EC0-301F-11D3-BF4B-00C04F79EFBC}") = "begin-34", "begin-34\begin-34.csproj", "{2C2FA29D-34E4-41FB-A0F6-18D26CDFED87}"
EndProject
Global
	GlobalSection(SolutionConfigurationPlatforms) = preSolution
		Debug|Any CPU = Debug|Any CPU
		Release|Any CPU = Release|Any CPU
	EndGlobalSection
	GlobalSection(ProjectConfigurationPlatforms) = postSolution
		{2C2FA29D-34E4-41FB-A0F6-18D26CDFED87}.Debug|Any CPU.ActiveCfg = Debug|Any CPU
		{2C2FA29D-34E4-41FB-A0F6-18D26CDFED87}.Debug|Any CPU.Build.0 = Debug|Any CPU
		{2C2FA29D-34E4-41FB-A0F6-18D26CDFED87}.Release|Any CPU.ActiveCfg = Release|Any CPU
		{2C2FA29D-34E4-41FB-A0F6-18D26CDFED87}.Release|Any CPU.Build.0 = Release|Any CPU
	EndGlobalSection
	GlobalSection(SolutionProperties) = preSolution
		HideSolutionNode = FALSE
	EndGlobalSection
	GlobalSection(ExtensibilityGlobals) = postSolution
		SolutionGuid = {0D621F08-28A0-443A-99DC-FE92EF9DB752}
	EndGlobalSection
EndGlobal
