
Microsoft Visual Studio Solution File, Format Version 12.00
# Visual Studio Version 17
VisualStudioVersion = 17.14.36212.18 d17.14
MinimumVisualStudioVersion = 10.0.40219.1
Project("{FAE04EC0-301F-11D3-BF4B-00C04F79EFBC}") = "integer-28", "integer-28\integer-28.csproj", "{955D05EF-F2F9-4BD4-87A8-8435BE289E60}"
EndProject
Global
	GlobalSection(SolutionConfigurationPlatforms) = preSolution
		Debug|Any CPU = Debug|Any CPU
		Release|Any CPU = Release|Any CPU
	EndGlobalSection
	GlobalSection(ProjectConfigurationPlatforms) = postSolution
		{955D05EF-F2F9-4BD4-87A8-8435BE289E60}.Debug|Any CPU.ActiveCfg = Debug|Any CPU
		{955D05EF-F2F9-4BD4-87A8-8435BE289E60}.Debug|Any CPU.Build.0 = Debug|Any CPU
		{955D05EF-F2F9-4BD4-87A8-8435BE289E60}.Release|Any CPU.ActiveCfg = Release|Any CPU
		{955D05EF-F2F9-4BD4-87A8-8435BE289E60}.Release|Any CPU.Build.0 = Release|Any CPU
	EndGlobalSection
	GlobalSection(SolutionProperties) = preSolution
		HideSolutionNode = FALSE
	EndGlobalSection
	GlobalSection(ExtensibilityGlobals) = postSolution
		SolutionGuid = {F152459B-0FEC-4986-B163-36D218C7A755}
	EndGlobalSection
EndGlobal
