
Microsoft Visual Studio Solution File, Format Version 12.00
# Visual Studio Version 17
VisualStudioVersion = 17.14.36212.18 d17.14
MinimumVisualStudioVersion = 10.0.40219.1
Project("{FAE04EC0-301F-11D3-BF4B-00C04F79EFBC}") = "integer-11", "integer-11\integer-11.csproj", "{18DBA645-F537-436E-BBD0-4226C68C0133}"
EndProject
Global
	GlobalSection(SolutionConfigurationPlatforms) = preSolution
		Debug|Any CPU = Debug|Any CPU
		Release|Any CPU = Release|Any CPU
	EndGlobalSection
	GlobalSection(ProjectConfigurationPlatforms) = postSolution
		{18DBA645-F537-436E-BBD0-4226C68C0133}.Debug|Any CPU.ActiveCfg = Debug|Any CPU
		{18DBA645-F537-436E-BBD0-4226C68C0133}.Debug|Any CPU.Build.0 = Debug|Any CPU
		{18DBA645-F537-436E-BBD0-4226C68C0133}.Release|Any CPU.ActiveCfg = Release|Any CPU
		{18DBA645-F537-436E-BBD0-4226C68C0133}.Release|Any CPU.Build.0 = Release|Any CPU
	EndGlobalSection
	GlobalSection(SolutionProperties) = preSolution
		HideSolutionNode = FALSE
	EndGlobalSection
	GlobalSection(ExtensibilityGlobals) = postSolution
		SolutionGuid = {F324DD9E-920D-4E68-912C-952FC3397E27}
	EndGlobalSection
EndGlobal
