
Microsoft Visual Studio Solution File, Format Version 12.00
# Visual Studio Version 17
VisualStudioVersion = 17.14.36212.18 d17.14
MinimumVisualStudioVersion = 10.0.40219.1
Project("{FAE04EC0-301F-11D3-BF4B-00C04F79EFBC}") = "boolean-38", "boolean-38.csproj", "{29072D99-8CBB-4D40-A135-4A2AF138F593}"
EndProject
Global
	GlobalSection(SolutionConfigurationPlatforms) = preSolution
		Debug|Any CPU = Debug|Any CPU
		Release|Any CPU = Release|Any CPU
	EndGlobalSection
	GlobalSection(ProjectConfigurationPlatforms) = postSolution
		{29072D99-8CBB-4D40-A135-4A2AF138F593}.Debug|Any CPU.ActiveCfg = Debug|Any CPU
		{29072D99-8CBB-4D40-A135-4A2AF138F593}.Debug|Any CPU.Build.0 = Debug|Any CPU
		{29072D99-8CBB-4D40-A135-4A2AF138F593}.Release|Any CPU.ActiveCfg = Release|Any CPU
		{29072D99-8CBB-4D40-A135-4A2AF138F593}.Release|Any CPU.Build.0 = Release|Any CPU
	EndGlobalSection
	GlobalSection(SolutionProperties) = preSolution
		HideSolutionNode = FALSE
	EndGlobalSection
	GlobalSection(ExtensibilityGlobals) = postSolution
		SolutionGuid = {0790227E-F6F5-49EF-BBB5-530DD6DF70A3}
	EndGlobalSection
EndGlobal
