
Microsoft Visual Studio Solution File, Format Version 12.00
# Visual Studio Version 17
VisualStudioVersion = 17.14.36212.18 d17.14
MinimumVisualStudioVersion = 10.0.40219.1
Project("{FAE04EC0-301F-11D3-BF4B-00C04F79EFBC}") = "if-21", "if-21.csproj", "{D02A6D15-3CB3-4ADF-9AA5-598FBDAAE5D9}"
EndProject
Global
	GlobalSection(SolutionConfigurationPlatforms) = preSolution
		Debug|Any CPU = Debug|Any CPU
		Release|Any CPU = Release|Any CPU
	EndGlobalSection
	GlobalSection(ProjectConfigurationPlatforms) = postSolution
		{D02A6D15-3CB3-4ADF-9AA5-598FBDAAE5D9}.Debug|Any CPU.ActiveCfg = Debug|Any CPU
		{D02A6D15-3CB3-4ADF-9AA5-598FBDAAE5D9}.Debug|Any CPU.Build.0 = Debug|Any CPU
		{D02A6D15-3CB3-4ADF-9AA5-598FBDAAE5D9}.Release|Any CPU.ActiveCfg = Release|Any CPU
		{D02A6D15-3CB3-4ADF-9AA5-598FBDAAE5D9}.Release|Any CPU.Build.0 = Release|Any CPU
	EndGlobalSection
	GlobalSection(SolutionProperties) = preSolution
		HideSolutionNode = FALSE
	EndGlobalSection
	GlobalSection(ExtensibilityGlobals) = postSolution
		SolutionGuid = {71B011D9-FD1A-4DD9-BEDF-007F6BC5E115}
	EndGlobalSection
EndGlobal
