
Microsoft Visual Studio Solution File, Format Version 12.00
# Visual Studio Version 17
VisualStudioVersion = 17.14.36212.18 d17.14
MinimumVisualStudioVersion = 10.0.40219.1
Project("{FAE04EC0-301F-11D3-BF4B-00C04F79EFBC}") = "if-3", "if-3.csproj", "{A0D65750-A32E-48B6-8359-66071A1F70AB}"
EndProject
Global
	GlobalSection(SolutionConfigurationPlatforms) = preSolution
		Debug|Any CPU = Debug|Any CPU
		Release|Any CPU = Release|Any CPU
	EndGlobalSection
	GlobalSection(ProjectConfigurationPlatforms) = postSolution
		{A0D65750-A32E-48B6-8359-66071A1F70AB}.Debug|Any CPU.ActiveCfg = Debug|Any CPU
		{A0D65750-A32E-48B6-8359-66071A1F70AB}.Debug|Any CPU.Build.0 = Debug|Any CPU
		{A0D65750-A32E-48B6-8359-66071A1F70AB}.Release|Any CPU.ActiveCfg = Release|Any CPU
		{A0D65750-A32E-48B6-8359-66071A1F70AB}.Release|Any CPU.Build.0 = Release|Any CPU
	EndGlobalSection
	GlobalSection(SolutionProperties) = preSolution
		HideSolutionNode = FALSE
	EndGlobalSection
	GlobalSection(ExtensibilityGlobals) = postSolution
		SolutionGuid = {1788C431-80F7-41A9-8282-3090A234848B}
	EndGlobalSection
EndGlobal
