
Microsoft Visual Studio Solution File, Format Version 12.00
# Visual Studio Version 17
VisualStudioVersion = 17.14.36212.18 d17.14
MinimumVisualStudioVersion = 10.0.40219.1
Project("{FAE04EC0-301F-11D3-BF4B-00C04F79EFBC}") = "boolean-22", "boolean-22.csproj", "{87B4F476-90C3-427D-8C53-E2B32EF637C9}"
EndProject
Global
	GlobalSection(SolutionConfigurationPlatforms) = preSolution
		Debug|Any CPU = Debug|Any CPU
		Release|Any CPU = Release|Any CPU
	EndGlobalSection
	GlobalSection(ProjectConfigurationPlatforms) = postSolution
		{87B4F476-90C3-427D-8C53-E2B32EF637C9}.Debug|Any CPU.ActiveCfg = Debug|Any CPU
		{87B4F476-90C3-427D-8C53-E2B32EF637C9}.Debug|Any CPU.Build.0 = Debug|Any CPU
		{87B4F476-90C3-427D-8C53-E2B32EF637C9}.Release|Any CPU.ActiveCfg = Release|Any CPU
		{87B4F476-90C3-427D-8C53-E2B32EF637C9}.Release|Any CPU.Build.0 = Release|Any CPU
	EndGlobalSection
	GlobalSection(SolutionProperties) = preSolution
		HideSolutionNode = FALSE
	EndGlobalSection
	GlobalSection(ExtensibilityGlobals) = postSolution
		SolutionGuid = {71B3E34B-B8FF-4120-9F33-E18D83B9F689}
	EndGlobalSection
EndGlobal
