
Microsoft Visual Studio Solution File, Format Version 12.00
# Visual Studio Version 17
VisualStudioVersion = 17.14.36212.18 d17.14
MinimumVisualStudioVersion = 10.0.40219.1
Project("{FAE04EC0-301F-11D3-BF4B-00C04F79EFBC}") = "if-7", "if-7.csproj", "{6E39D5CF-CF4D-44E3-BFA0-880BD9DAD90F}"
EndProject
Global
	GlobalSection(SolutionConfigurationPlatforms) = preSolution
		Debug|Any CPU = Debug|Any CPU
		Release|Any CPU = Release|Any CPU
	EndGlobalSection
	GlobalSection(ProjectConfigurationPlatforms) = postSolution
		{6E39D5CF-CF4D-44E3-BFA0-880BD9DAD90F}.Debug|Any CPU.ActiveCfg = Debug|Any CPU
		{6E39D5CF-CF4D-44E3-BFA0-880BD9DAD90F}.Debug|Any CPU.Build.0 = Debug|Any CPU
		{6E39D5CF-CF4D-44E3-BFA0-880BD9DAD90F}.Release|Any CPU.ActiveCfg = Release|Any CPU
		{6E39D5CF-CF4D-44E3-BFA0-880BD9DAD90F}.Release|Any CPU.Build.0 = Release|Any CPU
	EndGlobalSection
	GlobalSection(SolutionProperties) = preSolution
		HideSolutionNode = FALSE
	EndGlobalSection
	GlobalSection(ExtensibilityGlobals) = postSolution
		SolutionGuid = {FE464218-8643-4F28-910A-70335B9A2FB7}
	EndGlobalSection
EndGlobal
