
Microsoft Visual Studio Solution File, Format Version 12.00
# Visual Studio Version 17
VisualStudioVersion = 17.14.36212.18 d17.14
MinimumVisualStudioVersion = 10.0.40219.1
Project("{FAE04EC0-301F-11D3-BF4B-00C04F79EFBC}") = "for-32", "for-32.csproj", "{191525CE-A4A6-4D44-B7DD-2564E23430F7}"
EndProject
Global
	GlobalSection(SolutionConfigurationPlatforms) = preSolution
		Debug|Any CPU = Debug|Any CPU
		Release|Any CPU = Release|Any CPU
	EndGlobalSection
	GlobalSection(ProjectConfigurationPlatforms) = postSolution
		{191525CE-A4A6-4D44-B7DD-2564E23430F7}.Debug|Any CPU.ActiveCfg = Debug|Any CPU
		{191525CE-A4A6-4D44-B7DD-2564E23430F7}.Debug|Any CPU.Build.0 = Debug|Any CPU
		{191525CE-A4A6-4D44-B7DD-2564E23430F7}.Release|Any CPU.ActiveCfg = Release|Any CPU
		{191525CE-A4A6-4D44-B7DD-2564E23430F7}.Release|Any CPU.Build.0 = Release|Any CPU
	EndGlobalSection
	GlobalSection(SolutionProperties) = preSolution
		HideSolutionNode = FALSE
	EndGlobalSection
	GlobalSection(ExtensibilityGlobals) = postSolution
		SolutionGuid = {B82348A0-F801-4D11-8295-3162D7D2CDE9}
	EndGlobalSection
EndGlobal
