
Microsoft Visual Studio Solution File, Format Version 12.00
# Visual Studio Version 17
VisualStudioVersion = 17.14.36212.18 d17.14
MinimumVisualStudioVersion = 10.0.40219.1
Project("{FAE04EC0-301F-11D3-BF4B-00C04F79EFBC}") = "begin-28", "begin-28\begin-28.csproj", "{EBF0D3B1-1130-407C-89F7-51459B47366F}"
EndProject
Global
	GlobalSection(SolutionConfigurationPlatforms) = preSolution
		Debug|Any CPU = Debug|Any CPU
		Release|Any CPU = Release|Any CPU
	EndGlobalSection
	GlobalSection(ProjectConfigurationPlatforms) = postSolution
		{EBF0D3B1-1130-407C-89F7-51459B47366F}.Debug|Any CPU.ActiveCfg = Debug|Any CPU
		{EBF0D3B1-1130-407C-89F7-51459B47366F}.Debug|Any CPU.Build.0 = Debug|Any CPU
		{EBF0D3B1-1130-407C-89F7-51459B47366F}.Release|Any CPU.ActiveCfg = Release|Any CPU
		{EBF0D3B1-1130-407C-89F7-51459B47366F}.Release|Any CPU.Build.0 = Release|Any CPU
	EndGlobalSection
	GlobalSection(SolutionProperties) = preSolution
		HideSolutionNode = FALSE
	EndGlobalSection
	GlobalSection(ExtensibilityGlobals) = postSolution
		SolutionGuid = {B1B89787-D847-4C64-A2B6-5EE61092376F}
	EndGlobalSection
EndGlobal
