
Microsoft Visual Studio Solution File, Format Version 12.00
# Visual Studio Version 17
VisualStudioVersion = 17.14.36212.18 d17.14
MinimumVisualStudioVersion = 10.0.40219.1
Project("{FAE04EC0-301F-11D3-BF4B-00C04F79EFBC}") = "while-16", "while-16.csproj", "{0B2198F1-58FE-4108-8453-E020334F6D6C}"
EndProject
Global
	GlobalSection(SolutionConfigurationPlatforms) = preSolution
		Debug|Any CPU = Debug|Any CPU
		Release|Any CPU = Release|Any CPU
	EndGlobalSection
	GlobalSection(ProjectConfigurationPlatforms) = postSolution
		{0B2198F1-58FE-4108-8453-E020334F6D6C}.Debug|Any CPU.ActiveCfg = Debug|Any CPU
		{0B2198F1-58FE-4108-8453-E020334F6D6C}.Debug|Any CPU.Build.0 = Debug|Any CPU
		{0B2198F1-58FE-4108-8453-E020334F6D6C}.Release|Any CPU.ActiveCfg = Release|Any CPU
		{0B2198F1-58FE-4108-8453-E020334F6D6C}.Release|Any CPU.Build.0 = Release|Any CPU
	EndGlobalSection
	GlobalSection(SolutionProperties) = preSolution
		HideSolutionNode = FALSE
	EndGlobalSection
	GlobalSection(ExtensibilityGlobals) = postSolution
		SolutionGuid = {1DA02D7D-C62F-4ED8-91F4-AC32C6216F24}
	EndGlobalSection
EndGlobal
