
Microsoft Visual Studio Solution File, Format Version 12.00
# Visual Studio Version 17
VisualStudioVersion = 17.14.36212.18 d17.14
MinimumVisualStudioVersion = 10.0.40219.1
Project("{FAE04EC0-301F-11D3-BF4B-00C04F79EFBC}") = "boolean-27", "boolean-27.csproj", "{5DBF3510-6591-48C5-840B-CD14317E64EB}"
EndProject
Global
	GlobalSection(SolutionConfigurationPlatforms) = preSolution
		Debug|Any CPU = Debug|Any CPU
		Release|Any CPU = Release|Any CPU
	EndGlobalSection
	GlobalSection(ProjectConfigurationPlatforms) = postSolution
		{5DBF3510-6591-48C5-840B-CD14317E64EB}.Debug|Any CPU.ActiveCfg = Debug|Any CPU
		{5DBF3510-6591-48C5-840B-CD14317E64EB}.Debug|Any CPU.Build.0 = Debug|Any CPU
		{5DBF3510-6591-48C5-840B-CD14317E64EB}.Release|Any CPU.ActiveCfg = Release|Any CPU
		{5DBF3510-6591-48C5-840B-CD14317E64EB}.Release|Any CPU.Build.0 = Release|Any CPU
	EndGlobalSection
	GlobalSection(SolutionProperties) = preSolution
		HideSolutionNode = FALSE
	EndGlobalSection
	GlobalSection(ExtensibilityGlobals) = postSolution
		SolutionGuid = {9326101B-687F-45A7-BAD2-BD843CB5C7F7}
	EndGlobalSection
EndGlobal
