
Microsoft Visual Studio Solution File, Format Version 12.00
# Visual Studio Version 17
VisualStudioVersion = 17.14.36212.18 d17.14
MinimumVisualStudioVersion = 10.0.40219.1
Project("{FAE04EC0-301F-11D3-BF4B-00C04F79EFBC}") = "begin-5", "begin-5\begin-5.csproj", "{4521396B-9181-4FED-890D-0DC9B3013F0B}"
EndProject
Project("{FAE04EC0-301F-11D3-BF4B-00C04F79EFBC}") = "begin-6", "begin-6\begin-6.csproj", "{A91F487B-77D1-4029-87BE-047EA4ED5554}"
EndProject
Global
	GlobalSection(SolutionConfigurationPlatforms) = preSolution
		Debug|Any CPU = Debug|Any CPU
		Release|Any CPU = Release|Any CPU
	EndGlobalSection
	GlobalSection(ProjectConfigurationPlatforms) = postSolution
		{4521396B-9181-4FED-890D-0DC9B3013F0B}.Debug|Any CPU.ActiveCfg = Debug|Any CPU
		{4521396B-9181-4FED-890D-0DC9B3013F0B}.Debug|Any CPU.Build.0 = Debug|Any CPU
		{4521396B-9181-4FED-890D-0DC9B3013F0B}.Release|Any CPU.ActiveCfg = Release|Any CPU
		{4521396B-9181-4FED-890D-0DC9B3013F0B}.Release|Any CPU.Build.0 = Release|Any CPU
		{A91F487B-77D1-4029-87BE-047EA4ED5554}.Debug|Any CPU.ActiveCfg = Debug|Any CPU
		{A91F487B-77D1-4029-87BE-047EA4ED5554}.Debug|Any CPU.Build.0 = Debug|Any CPU
		{A91F487B-77D1-4029-87BE-047EA4ED5554}.Release|Any CPU.ActiveCfg = Release|Any CPU
		{A91F487B-77D1-4029-87BE-047EA4ED5554}.Release|Any CPU.Build.0 = Release|Any CPU
	EndGlobalSection
	GlobalSection(SolutionProperties) = preSolution
		HideSolutionNode = FALSE
	EndGlobalSection
	GlobalSection(ExtensibilityGlobals) = postSolution
		SolutionGuid = {E1140FE0-8C43-4D2A-87FE-8EE0C5851EA7}
	EndGlobalSection
EndGlobal
