
Microsoft Visual Studio Solution File, Format Version 12.00
# Visual Studio Version 17
VisualStudioVersion = 17.14.36212.18 d17.14
MinimumVisualStudioVersion = 10.0.40219.1
Project("{FAE04EC0-301F-11D3-BF4B-00C04F79EFBC}") = "for-4", "for-4.csproj", "{372680A0-515E-49A2-AB1E-01B2D7B15B1B}"
EndProject
Global
	GlobalSection(SolutionConfigurationPlatforms) = preSolution
		Debug|Any CPU = Debug|Any CPU
		Release|Any CPU = Release|Any CPU
	EndGlobalSection
	GlobalSection(ProjectConfigurationPlatforms) = postSolution
		{372680A0-515E-49A2-AB1E-01B2D7B15B1B}.Debug|Any CPU.ActiveCfg = Debug|Any CPU
		{372680A0-515E-49A2-AB1E-01B2D7B15B1B}.Debug|Any CPU.Build.0 = Debug|Any CPU
		{372680A0-515E-49A2-AB1E-01B2D7B15B1B}.Release|Any CPU.ActiveCfg = Release|Any CPU
		{372680A0-515E-49A2-AB1E-01B2D7B15B1B}.Release|Any CPU.Build.0 = Release|Any CPU
	EndGlobalSection
	GlobalSection(SolutionProperties) = preSolution
		HideSolutionNode = FALSE
	EndGlobalSection
	GlobalSection(ExtensibilityGlobals) = postSolution
		SolutionGuid = {29376DBA-1BAB-4968-8DF9-73498271CF7E}
	EndGlobalSection
EndGlobal
