
Microsoft Visual Studio Solution File, Format Version 12.00
# Visual Studio Version 17
VisualStudioVersion = 17.14.36212.18 d17.14
MinimumVisualStudioVersion = 10.0.40219.1
Project("{FAE04EC0-301F-11D3-BF4B-00C04F79EFBC}") = "while-22", "while-22.csproj", "{CC3228F9-1524-43FF-95FC-0E93F0ACB258}"
EndProject
Global
	GlobalSection(SolutionConfigurationPlatforms) = preSolution
		Debug|Any CPU = Debug|Any CPU
		Release|Any CPU = Release|Any CPU
	EndGlobalSection
	GlobalSection(ProjectConfigurationPlatforms) = postSolution
		{CC3228F9-1524-43FF-95FC-0E93F0ACB258}.Debug|Any CPU.ActiveCfg = Debug|Any CPU
		{CC3228F9-1524-43FF-95FC-0E93F0ACB258}.Debug|Any CPU.Build.0 = Debug|Any CPU
		{CC3228F9-1524-43FF-95FC-0E93F0ACB258}.Release|Any CPU.ActiveCfg = Release|Any CPU
		{CC3228F9-1524-43FF-95FC-0E93F0ACB258}.Release|Any CPU.Build.0 = Release|Any CPU
	EndGlobalSection
	GlobalSection(SolutionProperties) = preSolution
		HideSolutionNode = FALSE
	EndGlobalSection
	GlobalSection(ExtensibilityGlobals) = postSolution
		SolutionGuid = {4C72FA52-FECB-41E1-A32D-85663B8DF19C}
	EndGlobalSection
EndGlobal
